
Microsoft Visual Studio Solution File, Format Version 12.00
# Visual Studio 15
VisualStudioVersion = 15.0.28307.757
MinimumVisualStudioVersion = 10.0.40219.1
Project("{FAE04EC0-301F-11D3-BF4B-00C04F79EFBC}") = "Server", "Server\Server.csproj", "{2DFCA37C-9B84-46A1-99CA-85B4F0655D73}"
EndProject
Project("{FAE04EC0-301F-11D3-BF4B-00C04F79EFBC}") = "Server.Tests", "Server.Tests\Server.Tests.csproj", "{C61E73BE-7DAC-4944-94BA-8804073DA09F}"
EndProject
Global
	GlobalSection(SolutionConfigurationPlatforms) = preSolution
		Debug|Any CPU = Debug|Any CPU
		Release|Any CPU = Release|Any CPU
	EndGlobalSection
	GlobalSection(ProjectConfigurationPlatforms) = postSolution
		{2DFCA37C-9B84-46A1-99CA-85B4F0655D73}.Debug|Any CPU.ActiveCfg = Debug|Any CPU
		{2DFCA37C-9B84-46A1-99CA-85B4F0655D73}.Debug|Any CPU.Build.0 = Debug|Any CPU
		{2DFCA37C-9B84-46A1-99CA-85B4F0655D73}.Release|Any CPU.ActiveCfg = Release|Any CPU
		{2DFCA37C-9B84-46A1-99CA-85B4F0655D73}.Release|Any CPU.Build.0 = Release|Any CPU
		{C61E73BE-7DAC-4944-94BA-8804073DA09F}.Debug|Any CPU.ActiveCfg = Debug|Any CPU
		{C61E73BE-7DAC-4944-94BA-8804073DA09F}.Debug|Any CPU.Build.0 = Debug|Any CPU
		{C61E73BE-7DAC-4944-94BA-8804073DA09F}.Release|Any CPU.ActiveCfg = Release|Any CPU
		{C61E73BE-7DAC-4944-94BA-8804073DA09F}.Release|Any CPU.Build.0 = Release|Any CPU
	EndGlobalSection
	GlobalSection(SolutionProperties) = preSolution
		HideSolutionNode = FALSE
	EndGlobalSection
	GlobalSection(ExtensibilityGlobals) = postSolution
		SolutionGuid = {D1FFD4F2-56FC-48AB-AC30-550D18BE0721}
	EndGlobalSection
EndGlobal
